// !$*UTF8*$!
{
	archiveVersion = 1;
	classes = {
	};
	objectVersion = 50;
	objects = {

/* Begin PBXBuildFile section */
		8F729682226F4D69009F43EB /* AppDelegate.swift in Sources */ = {isa = PBXBuildFile; fileRef = 8F729681226F4D69009F43EB /* AppDelegate.swift */; };
		8F729684226F4D69009F43EB /* ViewController.swift in Sources */ = {isa = PBXBuildFile; fileRef = 8F729683226F4D69009F43EB /* ViewController.swift */; };
		8F729687226F4D69009F43EB /* Main.storyboard in Resources */ = {isa = PBXBuildFile; fileRef = 8F729685226F4D69009F43EB /* Main.storyboard */; };
		8F729689226F4D6B009F43EB /* Assets.xcassets in Resources */ = {isa = PBXBuildFile; fileRef = 8F729688226F4D6B009F43EB /* Assets.xcassets */; };
		8F72968C226F4D6B009F43EB /* LaunchScreen.storyboard in Resources */ = {isa = PBXBuildFile; fileRef = 8F72968A226F4D6B009F43EB /* LaunchScreen.storyboard */; };
		8F729696226F57A7009F43EB /* DataWeather.swift in Sources */ = {isa = PBXBuildFile; fileRef = 8F729695226F57A7009F43EB /* DataWeather.swift */; };
		E0A2118CE8B770EBABE51424 /* Pods_PriSkie.framework in Frameworks */ = {isa = PBXBuildFile; fileRef = C7D76639B80359CD4DE35BD8 /* Pods_PriSkie.framework */; };
/* End PBXBuildFile section */

/* Begin PBXFileReference section */
		544C782C9CD339BF009BA3CF /* Pods-PriSkie.debug.xcconfig */ = {isa = PBXFileReference; includeInIndex = 1; lastKnownFileType = text.xcconfig; name = "Pods-PriSkie.debug.xcconfig"; path = "Target Support Files/Pods-PriSkie/Pods-PriSkie.debug.xcconfig"; sourceTree = "<group>"; };
		8F72967E226F4D69009F43EB /* PriSkie.app */ = {isa = PBXFileReference; explicitFileType = wrapper.application; includeInIndex = 0; path = PriSkie.app; sourceTree = BUILT_PRODUCTS_DIR; };
		8F729681226F4D69009F43EB /* AppDelegate.swift */ = {isa = PBXFileReference; lastKnownFileType = sourcecode.swift; path = AppDelegate.swift; sourceTree = "<group>"; };
		8F729683226F4D69009F43EB /* ViewController.swift */ = {isa = PBXFileReference; lastKnownFileType = sourcecode.swift; path = ViewController.swift; sourceTree = "<group>"; };
		8F729686226F4D69009F43EB /* Base */ = {isa = PBXFileReference; lastKnownFileType = file.storyboard; name = Base; path = Base.lproj/Main.storyboard; sourceTree = "<group>"; };
		8F729688226F4D6B009F43EB /* Assets.xcassets */ = {isa = PBXFileReference; lastKnownFileType = folder.assetcatalog; path = Assets.xcassets; sourceTree = "<group>"; };
		8F72968B226F4D6B009F43EB /* Base */ = {isa = PBXFileReference; lastKnownFileType = file.storyboard; name = Base; path = Base.lproj/LaunchScreen.storyboard; sourceTree = "<group>"; };
		8F72968D226F4D6B009F43EB /* Info.plist */ = {isa = PBXFileReference; lastKnownFileType = text.plist.xml; path = Info.plist; sourceTree = "<group>"; };
		8F729695226F57A7009F43EB /* DataWeather.swift */ = {isa = PBXFileReference; lastKnownFileType = sourcecode.swift; path = DataWeather.swift; sourceTree = "<group>"; };
		BE2B96C93D821C3C85C5C5D6 /* Pods-PriSkie.release.xcconfig */ = {isa = PBXFileReference; includeInIndex = 1; lastKnownFileType = text.xcconfig; name = "Pods-PriSkie.release.xcconfig"; path = "Target Support Files/Pods-PriSkie/Pods-PriSkie.release.xcconfig"; sourceTree = "<group>"; };
		C7D76639B80359CD4DE35BD8 /* Pods_PriSkie.framework */ = {isa = PBXFileReference; explicitFileType = wrapper.framework; includeInIndex = 0; path = Pods_PriSkie.framework; sourceTree = BUILT_PRODUCTS_DIR; };
/* End PBXFileReference section */

/* Begin PBXFrameworksBuildPhase section */
		8F72967B226F4D69009F43EB /* Frameworks */ = {
			isa = PBXFrameworksBuildPhase;
			buildActionMask = 2147483647;
			files = (
				E0A2118CE8B770EBABE51424 /* Pods_PriSkie.framework in Frameworks */,
			);
			runOnlyForDeploymentPostprocessing = 0;
		};
/* End PBXFrameworksBuildPhase section */

/* Begin PBXGroup section */
		356B168303ACBBDDB8A1CD46 /* Frameworks */ = {
			isa = PBXGroup;
			children = (
				C7D76639B80359CD4DE35BD8 /* Pods_PriSkie.framework */,
			);
			name = Frameworks;
			sourceTree = "<group>";
		};
		6E78DE960AD801EF90336021 /* Pods */ = {
			isa = PBXGroup;
			children = (
				544C782C9CD339BF009BA3CF /* Pods-PriSkie.debug.xcconfig */,
				BE2B96C93D821C3C85C5C5D6 /* Pods-PriSkie.release.xcconfig */,
			);
			path = Pods;
			sourceTree = "<group>";
		};
		8F729675226F4D69009F43EB = {
			isa = PBXGroup;
			children = (
				8F729694226F5782009F43EB /* Data Storage */,
				8F729693226F4E77009F43EB /* Model */,
				8F729680226F4D69009F43EB /* PriSkie */,
				8F72967F226F4D69009F43EB /* Products */,
				6E78DE960AD801EF90336021 /* Pods */,
				356B168303ACBBDDB8A1CD46 /* Frameworks */,
			);
			sourceTree = "<group>";
		};
		8F72967F226F4D69009F43EB /* Products */ = {
			isa = PBXGroup;
			children = (
				8F72967E226F4D69009F43EB /* PriSkie.app */,
			);
			name = Products;
			sourceTree = "<group>";
		};
		8F729680226F4D69009F43EB /* PriSkie */ = {
			isa = PBXGroup;
			children = (
				8F729681226F4D69009F43EB /* AppDelegate.swift */,
				8F729685226F4D69009F43EB /* Main.storyboard */,
				8F729688226F4D6B009F43EB /* Assets.xcassets */,
				8F72968A226F4D6B009F43EB /* LaunchScreen.storyboard */,
				8F72968D226F4D6B009F43EB /* Info.plist */,
			);
			path = PriSkie;
			sourceTree = "<group>";
		};
		8F729693226F4E77009F43EB /* Model */ = {
			isa = PBXGroup;
			children = (
				8F729683226F4D69009F43EB /* ViewController.swift */,
			);
			path = Model;
			sourceTree = "<group>";
		};
		8F729694226F5782009F43EB /* Data Storage */ = {
			isa = PBXGroup;
			children = (
				8F729695226F57A7009F43EB /* DataWeather.swift */,
			);
			path = "Data Storage";
			sourceTree = "<group>";
		};
/* End PBXGroup section */

/* Begin PBXNativeTarget section */
		8F72967D226F4D69009F43EB /* PriSkie */ = {
			isa = PBXNativeTarget;
			buildConfigurationList = 8F729690226F4D6B009F43EB /* Build configuration list for PBXNativeTarget "PriSkie" */;
			buildPhases = (
				8020FB734F0C3F4ABECF5129 /* [CP] Check Pods Manifest.lock */,
				8F72967A226F4D69009F43EB /* Sources */,
				8F72967B226F4D69009F43EB /* Frameworks */,
				8F72967C226F4D69009F43EB /* Resources */,
				4826B4C27F02444924F81186 /* [CP] Embed Pods Frameworks */,
			);
			buildRules = (
			);
			dependencies = (
			);
			name = PriSkie;
			productName = PriSkie;
			productReference = 8F72967E226F4D69009F43EB /* PriSkie.app */;
			productType = "com.apple.product-type.application";
		};
/* End PBXNativeTarget section */

/* Begin PBXProject section */
		8F729676226F4D69009F43EB /* Project object */ = {
			isa = PBXProject;
			attributes = {
				LastSwiftUpdateCheck = 1010;
				LastUpgradeCheck = 1010;
				ORGANIZATIONNAME = IndratS;
				TargetAttributes = {
					8F72967D226F4D69009F43EB = {
						CreatedOnToolsVersion = 10.1;
					};
				};
			};
			buildConfigurationList = 8F729679226F4D69009F43EB /* Build configuration list for PBXProject "PriSkie" */;
			compatibilityVersion = "Xcode 9.3";
			developmentRegion = en;
			hasScannedForEncodings = 0;
			knownRegions = (
				en,
				Base,
			);
			mainGroup = 8F729675226F4D69009F43EB;
			productRefGroup = 8F72967F226F4D69009F43EB /* Products */;
			projectDirPath = "";
			projectRoot = "";
			targets = (
				8F72967D226F4D69009F43EB /* PriSkie */,
			);
		};
/* End PBXProject section */

/* Begin PBXResourcesBuildPhase section */
		8F72967C226F4D69009F43EB /* Resources */ = {
			isa = PBXResourcesBuildPhase;
			buildActionMask = 2147483647;
			files = (
				8F72968C226F4D6B009F43EB /* LaunchScreen.storyboard in Resources */,
				8F729689226F4D6B009F43EB /* Assets.xcassets in Resources */,
				8F729687226F4D69009F43EB /* Main.storyboard in Resources */,
			);
			runOnlyForDeploymentPostprocessing = 0;
		};
/* End PBXResourcesBuildPhase section */

/* Begin PBXShellScriptBuildPhase section */
		4826B4C27F02444924F81186 /* [CP] Embed Pods Frameworks */ = {
			isa = PBXShellScriptBuildPhase;
			buildActionMask = 2147483647;
			files = (
			);
			inputFileListPaths = (
			);
			inputPaths = (
				"${PODS_ROOT}/Target Support Files/Pods-PriSkie/Pods-PriSkie-frameworks.sh",
				"${BUILT_PRODUCTS_DIR}/Alamofire/Alamofire.framework",
				"${BUILT_PRODUCTS_DIR}/SwiftyJSON/SwiftyJSON.framework",
			);
			name = "[CP] Embed Pods Frameworks";
			outputFileListPaths = (
			);
			outputPaths = (
				"${TARGET_BUILD_DIR}/${FRAMEWORKS_FOLDER_PATH}/Alamofire.framework",
				"${TARGET_BUILD_DIR}/${FRAMEWORKS_FOLDER_PATH}/SwiftyJSON.framework",
			);
			runOnlyForDeploymentPostprocessing = 0;
			shellPath = /bin/sh;
			shellScript = "\"${PODS_ROOT}/Target Support Files/Pods-PriSkie/Pods-PriSkie-frameworks.sh\"\n";
			showEnvVarsInLog = 0;
		};
		8020FB734F0C3F4ABECF5129 /* [CP] Check Pods Manifest.lock */ = {
			isa = PBXShellScriptBuildPhase;
			buildActionMask = 2147483647;
			files = (
			);
			inputFileListPaths = (
			);
			inputPaths = (
				"${PODS_PODFILE_DIR_PATH}/Podfile.lock",
				"${PODS_ROOT}/Manifest.lock",
			);
			name = "[CP] Check Pods Manifest.lock";
			outputFileListPaths = (
			);
			outputPaths = (
				"$(DERIVED_FILE_DIR)/Pods-PriSkie-checkManifestLockResult.txt",
			);
			runOnlyForDeploymentPostprocessing = 0;
			shellPath = /bin/sh;
			shellScript = "diff \"${PODS_PODFILE_DIR_PATH}/Podfile.lock\" \"${PODS_ROOT}/Manifest.lock\" > /dev/null\nif [ $? != 0 ] ; then\n    # print error to STDERR\n    echo \"error: The sandbox is not in sync with the Podfile.lock. Run 'pod install' or update your CocoaPods installation.\" >&2\n    exit 1\nfi\n# This output is used by Xcode 'outputs' to avoid re-running this script phase.\necho \"SUCCESS\" > \"${SCRIPT_OUTPUT_FILE_0}\"\n";
			showEnvVarsInLog = 0;
		};
/* End PBXShellScriptBuildPhase section */

/* Begin PBXSourcesBuildPhase section */
		8F72967A226F4D69009F43EB /* Sources */ = {
			isa = PBXSourcesBuildPhase;
			buildActionMask = 2147483647;
			files = (
				8F729684226F4D69009F43EB /* ViewController.swift in Sources */,
				8F729682226F4D69009F43EB /* AppDelegate.swift in Sources */,
				8F729696226F57A7009F43EB /* DataWeather.swift in Sources */,
			);
			runOnlyForDeploymentPostprocessing = 0;
		};
/* End PBXSourcesBuildPhase section */

/* Begin PBXVariantGroup section */
		8F729685226F4D69009F43EB /* Main.storyboard */ = {
			isa = PBXVariantGroup;
			children = (
				8F729686226F4D69009F43EB /* Base */,
			);
			name = Main.storyboard;
			sourceTree = "<group>";
		};
		8F72968A226F4D6B009F43EB /* LaunchScreen.storyboard */ = {
			isa = PBXVariantGroup;
			children = (
				8F72968B226F4D6B009F43EB /* Base */,
			);
			name = LaunchScreen.storyboard;
			sourceTree = "<group>";
		};
/* End PBXVariantGroup section */

/* Begin XCBuildConfiguration section */
		8F72968E226F4D6B009F43EB /* Debug */ = {
			isa = XCBuildConfiguration;
			buildSettings = {
				ALWAYS_SEARCH_USER_PATHS = NO;
				CLANG_ANALYZER_NONNULL = YES;
				CLANG_ANALYZER_NUMBER_OBJECT_CONVERSION = YES_AGGRESSIVE;
				CLANG_CXX_LANGUAGE_STANDARD = "gnu++14";
				CLANG_CXX_LIBRARY = "libc++";
				CLANG_ENABLE_MODULES = YES;
				CLANG_ENABLE_OBJC_ARC = YES;
				CLANG_ENABLE_OBJC_WEAK = YES;
				CLANG_WARN_BLOCK_CAPTURE_AUTORELEASING = YES;
				CLANG_WARN_BOOL_CONVERSION = YES;
				CLANG_WARN_COMMA = YES;
				CLANG_WARN_CONSTANT_CONVERSION = YES;
				CLANG_WARN_DEPRECATED_OBJC_IMPLEMENTATIONS = YES;
				CLANG_WARN_DIRECT_OBJC_ISA_USAGE = YES_ERROR;
				CLANG_WARN_DOCUMENTATION_COMMENTS = YES;
				CLANG_WARN_EMPTY_BODY = YES;
				CLANG_WARN_ENUM_CONVERSION = YES;
				CLANG_WARN_INFINITE_RECURSION = YES;
				CLANG_WARN_INT_CONVERSION = YES;
				CLANG_WARN_NON_LITERAL_NULL_CONVERSION = YES;
				CLANG_WARN_OBJC_IMPLICIT_RETAIN_SELF = YES;
				CLANG_WARN_OBJC_LITERAL_CONVERSION = YES;
				CLANG_WARN_OBJC_ROOT_CLASS = YES_ERROR;
				CLANG_WARN_RANGE_LOOP_ANALYSIS = YES;
				CLANG_WARN_STRICT_PROTOTYPES = YES;
				CLANG_WARN_SUSPICIOUS_MOVE = YES;
				CLANG_WARN_UNGUARDED_AVAILABILITY = YES_AGGRESSIVE;
				CLANG_WARN_UNREACHABLE_CODE = YES;
				CLANG_WARN__DUPLICATE_METHOD_MATCH = YES;
				CODE_SIGN_IDENTITY = "iPhone Developer";
				COPY_PHASE_STRIP = NO;
				DEBUG_INFORMATION_FORMAT = dwarf;
				ENABLE_STRICT_OBJC_MSGSEND = YES;
				ENABLE_TESTABILITY = YES;
				GCC_C_LANGUAGE_STANDARD = gnu11;
				GCC_DYNAMIC_NO_PIC = NO;
				GCC_NO_COMMON_BLOCKS = YES;
				GCC_OPTIMIZATION_LEVEL = 0;
				GCC_PREPROCESSOR_DEFINITIONS = (
					"DEBUG=1",
					"$(inherited)",
				);
				GCC_WARN_64_TO_32_BIT_CONVERSION = YES;
				GCC_WARN_ABOUT_RETURN_TYPE = YES_ERROR;
				GCC_WARN_UNDECLARED_SELECTOR = YES;
				GCC_WARN_UNINITIALIZED_AUTOS = YES_AGGRESSIVE;
				GCC_WARN_UNUSED_FUNCTION = YES;
				GCC_WARN_UNUSED_VARIABLE = YES;
				IPHONEOS_DEPLOYMENT_TARGET = 12.1;
				MTL_ENABLE_DEBUG_INFO = INCLUDE_SOURCE;
				MTL_FAST_MATH = YES;
				ONLY_ACTIVE_ARCH = YES;
				SDKROOT = iphoneos;
				SWIFT_ACTIVE_COMPILATION_CONDITIONS = DEBUG;
				SWIFT_OPTIMIZATION_LEVEL = "-Onone";
			};
			name = Debug;
		};
		8F72968F226F4D6B009F43EB /* Release */ = {
			isa = XCBuildConfiguration;
			buildSettings = {
				ALWAYS_SEARCH_USER_PATHS = NO;
				CLANG_ANALYZER_NONNULL = YES;
				CLANG_ANALYZER_NUMBER_OBJECT_CONVERSION = YES_AGGRESSIVE;
				CLANG_CXX_LANGUAGE_STANDARD = "gnu++14";
				CLANG_CXX_LIBRARY = "libc++";
				CLANG_ENABLE_MODULES = YES;
				CLANG_ENABLE_OBJC_ARC = YES;
				CLANG_ENABLE_OBJC_WEAK = YES;
				CLANG_WARN_BLOCK_CAPTURE_AUTORELEASING = YES;
				CLANG_WARN_BOOL_CONVERSION = YES;
				CLANG_WARN_COMMA = YES;
				CLANG_WARN_CONSTANT_CONVERSION = YES;
				CLANG_WARN_DEPRECATED_OBJC_IMPLEMENTATIONS = YES;
				CLANG_WARN_DIRECT_OBJC_ISA_USAGE = YES_ERROR;
				CLANG_WARN_DOCUMENTATION_COMMENTS = YES;
				CLANG_WARN_EMPTY_BODY = YES;
				CLANG_WARN_ENUM_CONVERSION = YES;
				CLANG_WARN_INFINITE_RECURSION = YES;
				CLANG_WARN_INT_CONVERSION = YES;
				CLANG_WARN_NON_LITERAL_NULL_CONVERSION = YES;
				CLANG_WARN_OBJC_IMPLICIT_RETAIN_SELF = YES;
				CLANG_WARN_OBJC_LITERAL_CONVERSION = YES;
				CLANG_WARN_OBJC_ROOT_CLASS = YES_ERROR;
				CLANG_WARN_RANGE_LOOP_ANALYSIS = YES;
				CLANG_WARN_STRICT_PROTOTYPES = YES;
				CLANG_WARN_SUSPICIOUS_MOVE = YES;
				CLANG_WARN_UNGUARDED_AVAILABILITY = YES_AGGRESSIVE;
				CLANG_WARN_UNREACHABLE_CODE = YES;
				CLANG_WARN__DUPLICATE_METHOD_MATCH = YES;
				CODE_SIGN_IDENTITY = "iPhone Developer";
				COPY_PHASE_STRIP = NO;
				DEBUG_INFORMATION_FORMAT = "dwarf-with-dsym";
				ENABLE_NS_ASSERTIONS = NO;
				ENABLE_STRICT_OBJC_MSGSEND = YES;
				GCC_C_LANGUAGE_STANDARD = gnu11;
				GCC_NO_COMMON_BLOCKS = YES;
				GCC_WARN_64_TO_32_BIT_CONVERSION = YES;
				GCC_WARN_ABOUT_RETURN_TYPE = YES_ERROR;
				GCC_WARN_UNDECLARED_SELECTOR = YES;
				GCC_WARN_UNINITIALIZED_AUTOS = YES_AGGRESSIVE;
				GCC_WARN_UNUSED_FUNCTION = YES;
				GCC_WARN_UNUSED_VARIABLE = YES;
				IPHONEOS_DEPLOYMENT_TARGET = 12.1;
				MTL_ENABLE_DEBUG_INFO = NO;
				MTL_FAST_MATH = YES;
				SDKROOT = iphoneos;
				SWIFT_COMPILATION_MODE = wholemodule;
				SWIFT_OPTIMIZATION_LEVEL = "-O";
				VALIDATE_PRODUCT = YES;
			};
			name = Release;
		};
		8F729691226F4D6B009F43EB /* Debug */ = {
			isa = XCBuildConfiguration;
			baseConfigurationReference = 544C782C9CD339BF009BA3CF /* Pods-PriSkie.debug.xcconfig */;
			buildSettings = {
				ASSETCATALOG_COMPILER_APPICON_NAME = AppIcon;
				CODE_SIGN_STYLE = Automatic;
				INFOPLIST_FILE = PriSkie/Info.plist;
				LD_RUNPATH_SEARCH_PATHS = (
					"$(inherited)",
					"@executable_path/Frameworks",
				);
				PRODUCT_BUNDLE_IDENTIFIER = com.appIDS.PriSkie;
				PRODUCT_NAME = "$(TARGET_NAME)";
				SWIFT_VERSION = 4.2;
				TARGETED_DEVICE_FAMILY = "1,2";
			};
			name = Debug;
		};
		8F729692226F4D6B009F43EB /* Release */ = {
			isa = XCBuildConfiguration;
			baseConfigurationReference = BE2B96C93D821C3C85C5C5D6 /* Pods-PriSkie.release.xcconfig */;
			buildSettings = {
				ASSETCATALOG_COMPILER_APPICON_NAME = AppIcon;
				CODE_SIGN_STYLE = Automatic;
				INFOPLIST_FILE = PriSkie/Info.plist;
				LD_RUNPATH_SEARCH_PATHS = (
					"$(inherited)",
					"@executable_path/Frameworks",
				);
				PRODUCT_BUNDLE_IDENTIFIER = com.appIDS.PriSkie;
				PRODUCT_NAME = "$(TARGET_NAME)";
				SWIFT_VERSION = 4.2;
				TARGETED_DEVICE_FAMILY = "1,2";
			};
			name = Release;
		};
/* End XCBuildConfiguration section */

/* Begin XCConfigurationList section */
		8F729679226F4D69009F43EB /* Build configuration list for PBXProject "PriSkie" */ = {
			isa = XCConfigurationList;
			buildConfigurations = (
				8F72968E226F4D6B009F43EB /* Debug */,
				8F72968F226F4D6B009F43EB /* Release */,
			);
			defaultConfigurationIsVisible = 0;
			defaultConfigurationName = Release;
		};
		8F729690226F4D6B009F43EB /* Build configuration list for PBXNativeTarget "PriSkie" */ = {
			isa = XCConfigurationList;
			buildConfigurations = (
				8F729691226F4D6B009F43EB /* Debug */,
				8F729692226F4D6B009F43EB /* Release */,
			);
			defaultConfigurationIsVisible = 0;
			defaultConfigurationName = Release;
		};
/* End XCConfigurationList section */
	};
	rootObject = 8F729676226F4D69009F43EB /* Project object */;
}
